
Microsoft Visual Studio Solution File, Format Version 12.00
# Visual Studio Version 17
VisualStudioVersion = 17.2.32616.157
MinimumVisualStudioVersion = 10.0.40219.1
Project("{FAE04EC0-301F-11D3-BF4B-00C04F79EFBC}") = "SistemaClientes", "SistemaClientes\SistemaClientes.csproj", "{2CC2FBAC-173A-420A-B982-554659D94BC4}"
EndProject
Global
	GlobalSection(SolutionConfigurationPlatforms) = preSolution
		Debug|Any CPU = Debug|Any CPU
		Release|Any CPU = Release|Any CPU
	EndGlobalSection
	GlobalSection(ProjectConfigurationPlatforms) = postSolution
		{2CC2FBAC-173A-420A-B982-554659D94BC4}.Debug|Any CPU.ActiveCfg = Debug|Any CPU
		{2CC2FBAC-173A-420A-B982-554659D94BC4}.Debug|Any CPU.Build.0 = Debug|Any CPU
		{2CC2FBAC-173A-420A-B982-554659D94BC4}.Release|Any CPU.ActiveCfg = Release|Any CPU
		{2CC2FBAC-173A-420A-B982-554659D94BC4}.Release|Any CPU.Build.0 = Release|Any CPU
	EndGlobalSection
	GlobalSection(SolutionProperties) = preSolution
		HideSolutionNode = FALSE
	EndGlobalSection
	GlobalSection(ExtensibilityGlobals) = postSolution
		SolutionGuid = {4B440113-89AB-48E0-97D4-89EDDD7BEF46}
	EndGlobalSection
EndGlobal
